
Microsoft Visual Studio Solution File, Format Version 12.00
# Visual Studio 15
VisualStudioVersion = 15.0.27004.2010
MinimumVisualStudioVersion = 10.0.40219.1
Project("{FAE04EC0-301F-11D3-BF4B-00C04F79EFBC}") = "XML_pract", "XML_pract\XML_pract.csproj", "{AEC41FD0-89F1-48E7-8D47-F6396908BDA4}"
EndProject
Global
	GlobalSection(SolutionConfigurationPlatforms) = preSolution
		Debug|Any CPU = Debug|Any CPU
		Release|Any CPU = Release|Any CPU
	EndGlobalSection
	GlobalSection(ProjectConfigurationPlatforms) = postSolution
		{AEC41FD0-89F1-48E7-8D47-F6396908BDA4}.Debug|Any CPU.ActiveCfg = Debug|Any CPU
		{AEC41FD0-89F1-48E7-8D47-F6396908BDA4}.Debug|Any CPU.Build.0 = Debug|Any CPU
		{AEC41FD0-89F1-48E7-8D47-F6396908BDA4}.Release|Any CPU.ActiveCfg = Release|Any CPU
		{AEC41FD0-89F1-48E7-8D47-F6396908BDA4}.Release|Any CPU.Build.0 = Release|Any CPU
	EndGlobalSection
	GlobalSection(SolutionProperties) = preSolution
		HideSolutionNode = FALSE
	EndGlobalSection
	GlobalSection(ExtensibilityGlobals) = postSolution
		SolutionGuid = {0E071EAD-A6BF-4ED5-8030-A5B434713497}
	EndGlobalSection
EndGlobal
